
Microsoft Visual Studio Solution File, Format Version 12.00
# Visual Studio Version 16
VisualStudioVersion = 16.0.31205.134
MinimumVisualStudioVersion = 10.0.40219.1
Project("{FAE04EC0-301F-11D3-BF4B-00C04F79EFBC}") = "Curso.Web", "Curso.Web\Curso.Web.csproj", "{5DE9C426-50F3-4F28-B211-898678DCC448}"
EndProject
Global
	GlobalSection(SolutionConfigurationPlatforms) = preSolution
		Debug|Any CPU = Debug|Any CPU
		Release|Any CPU = Release|Any CPU
	EndGlobalSection
	GlobalSection(ProjectConfigurationPlatforms) = postSolution
		{5DE9C426-50F3-4F28-B211-898678DCC448}.Debug|Any CPU.ActiveCfg = Debug|Any CPU
		{5DE9C426-50F3-4F28-B211-898678DCC448}.Debug|Any CPU.Build.0 = Debug|Any CPU
		{5DE9C426-50F3-4F28-B211-898678DCC448}.Release|Any CPU.ActiveCfg = Release|Any CPU
		{5DE9C426-50F3-4F28-B211-898678DCC448}.Release|Any CPU.Build.0 = Release|Any CPU
	EndGlobalSection
	GlobalSection(SolutionProperties) = preSolution
		HideSolutionNode = FALSE
	EndGlobalSection
	GlobalSection(ExtensibilityGlobals) = postSolution
		SolutionGuid = {C95AAAAF-6EA9-4120-86BA-883ED9B954CE}
	EndGlobalSection
EndGlobal
